{
  "name": "docs",
  "version": "0.0.1",
  "lockfileVersion": 2,
  "requires": true,
  "packages": {
    "": {
      "name": "docs",
      "version": "0.0.1",
      "dependencies": {
        "@explorablegraph/explorable": "file:../explorable",
        "yaml": "2.0.0-8"
      }
    },
    "../explorable": {
      "version": "0.0.1",
      "dependencies": {
        "marked": "3.0.8",
        "node-fetch": "2.6.5",
        "node-graphviz": "^0.1.0",
        "yaml": "1.10.2"
      },
      "bin": {
        "eg": "src/eg/eg.js"
      },
      "devDependencies": {
        "@types/chai": "4.2.22",
        "@types/mocha": "9.0.0",
        "@types/node": "16.10.1",
        "chai": "4.3.4",
        "handlebars": "4.7.7",
        "mocha": "9.1.2",
        "typescript": "4.4.3"
      }
    },
    "node_modules/@explorablegraph/explorable": {
      "resolved": "../explorable",
      "link": true
    },
    "node_modules/yaml": {
      "version": "2.0.0-8",
      "resolved": "https://registry.npmjs.org/yaml/-/yaml-2.0.0-8.tgz",
      "integrity": "sha512-QaYgJZMfWD6fKN/EYMk6w1oLWPCr1xj9QaPSZW5qkDb3y8nGCXhy2Ono+AF4F+CSL/vGcqswcAT0BaS//pgD2A==",
      "engines": {
        "node": ">= 12"
      }
    }
  },
  "dependencies": {
    "@explorablegraph/explorable": {
      "version": "file:../explorable",
      "requires": {
        "@types/chai": "4.2.22",
        "@types/mocha": "9.0.0",
        "@types/node": "16.10.1",
        "chai": "4.3.4",
        "handlebars": "4.7.7",
        "marked": "3.0.8",
        "mocha": "9.1.2",
        "node-fetch": "2.6.5",
        "node-graphviz": "^0.1.0",
        "typescript": "4.4.3",
        "yaml": "1.10.2"
      }
    },
    "yaml": {
      "version": "2.0.0-8",
      "resolved": "https://registry.npmjs.org/yaml/-/yaml-2.0.0-8.tgz",
      "integrity": "sha512-QaYgJZMfWD6fKN/EYMk6w1oLWPCr1xj9QaPSZW5qkDb3y8nGCXhy2Ono+AF4F+CSL/vGcqswcAT0BaS//pgD2A=="
    }
  }
}
